
Microsoft Visual Studio Solution File, Format Version 12.00
# Visual Studio Version 17
VisualStudioVersion = 17.2.32602.215
MinimumVisualStudioVersion = 10.0.40219.1
Project("{FAE04EC0-301F-11D3-BF4B-00C04F79EFBC}") = "Google Scrapping", "Google Scrapping\Google Scrapping.csproj", "{7EF804F2-3C60-4F8E-A096-B3CF0E2EB8DC}"
EndProject
Global
	GlobalSection(SolutionConfigurationPlatforms) = preSolution
		Debug|Any CPU = Debug|Any CPU
		Release|Any CPU = Release|Any CPU
	EndGlobalSection
	GlobalSection(ProjectConfigurationPlatforms) = postSolution
		{7EF804F2-3C60-4F8E-A096-B3CF0E2EB8DC}.Debug|Any CPU.ActiveCfg = Debug|Any CPU
		{7EF804F2-3C60-4F8E-A096-B3CF0E2EB8DC}.Debug|Any CPU.Build.0 = Debug|Any CPU
		{7EF804F2-3C60-4F8E-A096-B3CF0E2EB8DC}.Release|Any CPU.ActiveCfg = Release|Any CPU
		{7EF804F2-3C60-4F8E-A096-B3CF0E2EB8DC}.Release|Any CPU.Build.0 = Release|Any CPU
	EndGlobalSection
	GlobalSection(SolutionProperties) = preSolution
		HideSolutionNode = FALSE
	EndGlobalSection
	GlobalSection(ExtensibilityGlobals) = postSolution
		SolutionGuid = {EF13C685-5C7F-465D-9AF2-5C0348D7274C}
	EndGlobalSection
EndGlobal
